# This file is automatically @generated by Wally.
# It is not intended for manual editing.
registry = "test"

[[package]]
name = "roblox/testez"
version = "0.4.1"
dependencies = []

[[package]]
name = "shanebutt/llama"
version = "1.1.0"
dependencies = [["TestEZ", "roblox/testez@0.4.1"], ["t", "shanebutt/t@1.3.1"]]

[[package]]
name = "shanebutt/t"
version = "1.3.1"
dependencies = []

[[package]]
name = "upliftgames/matter"
version = "0.1.0"
dependencies = [["Llama", "shanebutt/llama@1.1.0"], ["TestEZ", "roblox/testez@0.4.1"]]
